
Microsoft Visual Studio Solution File, Format Version 12.00
# Visual Studio Version 16
VisualStudioVersion = 16.0.31624.102
MinimumVisualStudioVersion = 10.0.40219.1
Project("{FAE04EC0-301F-11D3-BF4B-00C04F79EFBC}") = "SSJ.Enquete.WebApp", "SSJ.Enquete.WebApp\SSJ.Enquete.WebApp.csproj", "{D83F2E16-7631-4195-9956-EF9C14D645AF}"
EndProject
Global
	GlobalSection(SolutionConfigurationPlatforms) = preSolution
		Debug|Any CPU = Debug|Any CPU
		Release|Any CPU = Release|Any CPU
	EndGlobalSection
	GlobalSection(ProjectConfigurationPlatforms) = postSolution
		{D83F2E16-7631-4195-9956-EF9C14D645AF}.Debug|Any CPU.ActiveCfg = Debug|Any CPU
		{D83F2E16-7631-4195-9956-EF9C14D645AF}.Debug|Any CPU.Build.0 = Debug|Any CPU
		{D83F2E16-7631-4195-9956-EF9C14D645AF}.Release|Any CPU.ActiveCfg = Release|Any CPU
		{D83F2E16-7631-4195-9956-EF9C14D645AF}.Release|Any CPU.Build.0 = Release|Any CPU
	EndGlobalSection
	GlobalSection(SolutionProperties) = preSolution
		HideSolutionNode = FALSE
	EndGlobalSection
	GlobalSection(ExtensibilityGlobals) = postSolution
		SolutionGuid = {8BD1EDA8-10B8-481B-AF75-F25393D3523C}
	EndGlobalSection
EndGlobal
